// !$*UTF8*$!
{
	archiveVersion = 1;
	classes = {
	};
	objectVersion = 77;
	objects = {

/* Begin PBXBuildFile section */
		07BC0B3FD0F1E9A98A507008 /* SettingsView.swift in Sources */ = {isa = PBXBuildFile; fileRef = 327211A0E5756B72E5A98724 /* SettingsView.swift */; };
		087AACCFFB93E10F1FA8DF5A /* MarkdownEditorView.swift in Sources */ = {isa = PBXBuildFile; fileRef = 3FAADBE157E0EBF7FEDB65E0 /* MarkdownEditorView.swift */; };
		08DE06812336193F36EB09D4 /* MarkdownFileCreator.swift in Sources */ = {isa = PBXBuildFile; fileRef = 42F6C8887573FC4AE4DF829A /* MarkdownFileCreator.swift */; };
		13695659DE90C02ADF2B028E /* AppIcon.webp in Resources */ = {isa = PBXBuildFile; fileRef = FFE78BD3189FB8F59261A015 /* AppIcon.webp */; };
		1F65B1BA8EDEF276B3338929 /* SourceTextEditor.swift in Sources */ = {isa = PBXBuildFile; fileRef = 9CC95FE7CDD43BBA4EE8E866 /* SourceTextEditor.swift */; };
		1FB244187BB682ED447D7279 /* DocumentViewerView.swift in Sources */ = {isa = PBXBuildFile; fileRef = 95A66386CD79523078842C96 /* DocumentViewerView.swift */; };
		3A87CC6DFB3D8B6AE6F54C8B /* MarkdownDocument.swift in Sources */ = {isa = PBXBuildFile; fileRef = D8CBE05E3208394CA840C569 /* MarkdownDocument.swift */; };
		497FA8D940DED35E77A4BEAC /* SharedPreferences.swift in Sources */ = {isa = PBXBuildFile; fileRef = BB12ADAB8C6E31E4B530A024 /* SharedPreferences.swift */; };
		4FDEFB2BFD0F15E9F46109EE /* SharedPreferences.swift in Sources */ = {isa = PBXBuildFile; fileRef = BB12ADAB8C6E31E4B530A024 /* SharedPreferences.swift */; };
		5008EB94730B8379926F4D0C /* LocationManager.swift in Sources */ = {isa = PBXBuildFile; fileRef = 3D35CCF7D307575028A4EE9E /* LocationManager.swift */; };
		515FC358EF3DA25238C64AD4 /* OnboardingView.swift in Sources */ = {isa = PBXBuildFile; fileRef = 3359FB9E47EF1C185A61C3F0 /* OnboardingView.swift */; };
		596DDD6B5D1F28AE35A7ED1C /* SharedConstants.swift in Sources */ = {isa = PBXBuildFile; fileRef = 95DA94E90D031B7D50AEFD31 /* SharedConstants.swift */; };
		5D9CF51A2FB28031ACA4A097 /* FinderSync.swift in Sources */ = {isa = PBXBuildFile; fileRef = 3D1E1699F044AC3301126881 /* FinderSync.swift */; };
		5F0C8A927A7C9C6C7676A1A1 /* SharedPreferences.swift in Sources */ = {isa = PBXBuildFile; fileRef = BB12ADAB8C6E31E4B530A024 /* SharedPreferences.swift */; };
		5FCDABA38E60D3C11379519E /* FilenameResolver.swift in Sources */ = {isa = PBXBuildFile; fileRef = 8D5ED61392A2C3199615E0AF /* FilenameResolver.swift */; };
		680EE3DD0F59E7AC2585AFB1 /* SharedConstants.swift in Sources */ = {isa = PBXBuildFile; fileRef = 95DA94E90D031B7D50AEFD31 /* SharedConstants.swift */; };
		7770DD69089220E60260F472 /* AppState.swift in Sources */ = {isa = PBXBuildFile; fileRef = 4B6720CB01C0389AD86A58BA /* AppState.swift */; };
		7A9EEE051FF4403080C0FD21 /* AppIcon.icns in Resources */ = {isa = PBXBuildFile; fileRef = 7A20F681652A8F393592A8D8 /* AppIcon.icns */; };
		7D438F41A34FF850C03E1691 /* FilenameResolver.swift in Sources */ = {isa = PBXBuildFile; fileRef = 8D5ED61392A2C3199615E0AF /* FilenameResolver.swift */; };
		8A7695231EC5315F7AF51F2F /* StatusBadgeView.swift in Sources */ = {isa = PBXBuildFile; fileRef = 336D3529FE6A4262D5C5DED8 /* StatusBadgeView.swift */; };
		8C6498A365AD4AEA16B27B6F /* MarkdownFinderApp.swift in Sources */ = {isa = PBXBuildFile; fileRef = F4DC0E875966BB6622FB6F10 /* MarkdownFinderApp.swift */; };
		98D002BDB791C4032FF8467E /* WebView.swift in Sources */ = {isa = PBXBuildFile; fileRef = B005E30B43511AEC4A87C91E /* WebView.swift */; };
		98F5C5A4D24539AECF5B7E39 /* ContentView.swift in Sources */ = {isa = PBXBuildFile; fileRef = E36CBE055674F32F53BDA115 /* ContentView.swift */; };
		9CB4B57D0F503B68AAB11E5B /* MarkdownRenderer in Frameworks */ = {isa = PBXBuildFile; productRef = 60FFB56C809331C8EA5F66A4 /* MarkdownRenderer */; };
		9E357FCBC476D866FCF36311 /* Assets.xcassets in Resources */ = {isa = PBXBuildFile; fileRef = 7F64AB2D14F65FE416FE53E8 /* Assets.xcassets */; };
		A21B625E5D3E2466C7BAB856 /* SharedConstants.swift in Sources */ = {isa = PBXBuildFile; fileRef = 95DA94E90D031B7D50AEFD31 /* SharedConstants.swift */; };
		A34AA1526AC92CB7DA0C6200 /* icon.webp in Resources */ = {isa = PBXBuildFile; fileRef = 46920B5A534E66080A7395D1 /* icon.webp */; };
		A497FB26CD13057B5B6F4E2D /* LocationsView.swift in Sources */ = {isa = PBXBuildFile; fileRef = 0584C2FD68E4C667E088F3F7 /* LocationsView.swift */; };
		A6C73636BF353546B315077D /* MarkdownRenderer in Frameworks */ = {isa = PBXBuildFile; productRef = 2B13AFA7BD765576C1B988EF /* MarkdownRenderer */; };
		A78849265AAE86CB0EB3DAF4 /* MarkdownFinderExtension.appex in Embed Foundation Extensions */ = {isa = PBXBuildFile; fileRef = 147624766FE95F4BDBD60396 /* MarkdownFinderExtension.appex */; settings = {ATTRIBUTES = (CodeSignOnCopy, RemoveHeadersOnCopy, ); }; };
		AB05BA34C2C6FC884FB80420 /* MarkdownFileCreator.swift in Sources */ = {isa = PBXBuildFile; fileRef = 42F6C8887573FC4AE4DF829A /* MarkdownFileCreator.swift */; };
		CC496F0CFDD32845B1A9CD1A /* PreviewProvider.swift in Sources */ = {isa = PBXBuildFile; fileRef = F42CF515FC081633AFE6CDFE /* PreviewProvider.swift */; };
		D8AC3D3861A62EE3B54BCB31 /* FilenameResolver.swift in Sources */ = {isa = PBXBuildFile; fileRef = 8D5ED61392A2C3199615E0AF /* FilenameResolver.swift */; };
		DCFB6090A3505BB73147EAAB /* MarkdownFileCreator.swift in Sources */ = {isa = PBXBuildFile; fileRef = 42F6C8887573FC4AE4DF829A /* MarkdownFileCreator.swift */; };
		F9A2B2A4FB365EA5E2DD2549 /* MarkdownQuickLookExtension.appex in Embed Foundation Extensions */ = {isa = PBXBuildFile; fileRef = E2167C8C5A4C78118B3EF987 /* MarkdownQuickLookExtension.appex */; settings = {ATTRIBUTES = (CodeSignOnCopy, RemoveHeadersOnCopy, ); }; };
/* End PBXBuildFile section */

/* Begin PBXContainerItemProxy section */
		315464E2B05AC7BE6E468997 /* PBXContainerItemProxy */ = {
			isa = PBXContainerItemProxy;
			containerPortal = 8D9D280E24DDECD6166C3054 /* Project object */;
			proxyType = 1;
			remoteGlobalIDString = ACBC9A0CF8CB22742770AA00;
			remoteInfo = MarkdownQuickLookExtension;
		};
		9CA1403F0E71B497FB2AE5FF /* PBXContainerItemProxy */ = {
			isa = PBXContainerItemProxy;
			containerPortal = 8D9D280E24DDECD6166C3054 /* Project object */;
			proxyType = 1;
			remoteGlobalIDString = 36218082332C41F3F0931995;
			remoteInfo = MarkdownFinderExtension;
		};
/* End PBXContainerItemProxy section */

/* Begin PBXCopyFilesBuildPhase section */
		00D0BA4A85E9F7F4BED7511A /* Embed Foundation Extensions */ = {
			isa = PBXCopyFilesBuildPhase;
			buildActionMask = 2147483647;
			dstPath = "";
			dstSubfolderSpec = 13;
			files = (
				A78849265AAE86CB0EB3DAF4 /* MarkdownFinderExtension.appex in Embed Foundation Extensions */,
				F9A2B2A4FB365EA5E2DD2549 /* MarkdownQuickLookExtension.appex in Embed Foundation Extensions */,
			);
			name = "Embed Foundation Extensions";
			runOnlyForDeploymentPostprocessing = 0;
		};
/* End PBXCopyFilesBuildPhase section */

/* Begin PBXFileReference section */
		0584C2FD68E4C667E088F3F7 /* LocationsView.swift */ = {isa = PBXFileReference; lastKnownFileType = sourcecode.swift; path = LocationsView.swift; sourceTree = "<group>"; };
		10FF0F5DF9A514B39768E710 /* Info.plist */ = {isa = PBXFileReference; lastKnownFileType = text.plist; path = Info.plist; sourceTree = "<group>"; };
		147624766FE95F4BDBD60396 /* MarkdownFinderExtension.appex */ = {isa = PBXFileReference; explicitFileType = "wrapper.app-extension"; includeInIndex = 0; path = MarkdownFinderExtension.appex; sourceTree = BUILT_PRODUCTS_DIR; };
		2913D2CE63ADCFB8C0B4A4A1 /* MarkdownRenderer */ = {isa = PBXFileReference; lastKnownFileType = folder; name = MarkdownRenderer; path = Packages/MarkdownRenderer; sourceTree = SOURCE_ROOT; };
		327211A0E5756B72E5A98724 /* SettingsView.swift */ = {isa = PBXFileReference; lastKnownFileType = sourcecode.swift; path = SettingsView.swift; sourceTree = "<group>"; };
		3359FB9E47EF1C185A61C3F0 /* OnboardingView.swift */ = {isa = PBXFileReference; lastKnownFileType = sourcecode.swift; path = OnboardingView.swift; sourceTree = "<group>"; };
		336D3529FE6A4262D5C5DED8 /* StatusBadgeView.swift */ = {isa = PBXFileReference; lastKnownFileType = sourcecode.swift; path = StatusBadgeView.swift; sourceTree = "<group>"; };
		3D1E1699F044AC3301126881 /* FinderSync.swift */ = {isa = PBXFileReference; lastKnownFileType = sourcecode.swift; path = FinderSync.swift; sourceTree = "<group>"; };
		3D35CCF7D307575028A4EE9E /* LocationManager.swift */ = {isa = PBXFileReference; lastKnownFileType = sourcecode.swift; path = LocationManager.swift; sourceTree = "<group>"; };
		3FAADBE157E0EBF7FEDB65E0 /* MarkdownEditorView.swift */ = {isa = PBXFileReference; lastKnownFileType = sourcecode.swift; path = MarkdownEditorView.swift; sourceTree = "<group>"; };
		42F6C8887573FC4AE4DF829A /* MarkdownFileCreator.swift */ = {isa = PBXFileReference; lastKnownFileType = sourcecode.swift; path = MarkdownFileCreator.swift; sourceTree = "<group>"; };
		46920B5A534E66080A7395D1 /* icon.webp */ = {isa = PBXFileReference; path = icon.webp; sourceTree = "<group>"; };
		4B6720CB01C0389AD86A58BA /* AppState.swift */ = {isa = PBXFileReference; lastKnownFileType = sourcecode.swift; path = AppState.swift; sourceTree = "<group>"; };
		5A22FB95C5BD17BD61703155 /* Info.plist */ = {isa = PBXFileReference; lastKnownFileType = text.plist; path = Info.plist; sourceTree = "<group>"; };
		7A20F681652A8F393592A8D8 /* AppIcon.icns */ = {isa = PBXFileReference; lastKnownFileType = image.icns; path = AppIcon.icns; sourceTree = "<group>"; };
		7F64AB2D14F65FE416FE53E8 /* Assets.xcassets */ = {isa = PBXFileReference; lastKnownFileType = folder.assetcatalog; path = Assets.xcassets; sourceTree = "<group>"; };
		85B57D1A637F10C6A4CEBE97 /* PeekMD.app */ = {isa = PBXFileReference; explicitFileType = wrapper.application; includeInIndex = 0; path = PeekMD.app; sourceTree = BUILT_PRODUCTS_DIR; };
		8D5ED61392A2C3199615E0AF /* FilenameResolver.swift */ = {isa = PBXFileReference; lastKnownFileType = sourcecode.swift; path = FilenameResolver.swift; sourceTree = "<group>"; };
		95A66386CD79523078842C96 /* DocumentViewerView.swift */ = {isa = PBXFileReference; lastKnownFileType = sourcecode.swift; path = DocumentViewerView.swift; sourceTree = "<group>"; };
		95DA94E90D031B7D50AEFD31 /* SharedConstants.swift */ = {isa = PBXFileReference; lastKnownFileType = sourcecode.swift; path = SharedConstants.swift; sourceTree = "<group>"; };
		9CC95FE7CDD43BBA4EE8E866 /* SourceTextEditor.swift */ = {isa = PBXFileReference; lastKnownFileType = sourcecode.swift; path = SourceTextEditor.swift; sourceTree = "<group>"; };
		A57DCFCCBC72D891B44BCBF1 /* MarkdownFinderExtension.entitlements */ = {isa = PBXFileReference; lastKnownFileType = text.plist.entitlements; path = MarkdownFinderExtension.entitlements; sourceTree = "<group>"; };
		B005E30B43511AEC4A87C91E /* WebView.swift */ = {isa = PBXFileReference; lastKnownFileType = sourcecode.swift; path = WebView.swift; sourceTree = "<group>"; };
		B0DB3F5E89FDD59195C63302 /* Info.plist */ = {isa = PBXFileReference; lastKnownFileType = text.plist; path = Info.plist; sourceTree = "<group>"; };
		BB12ADAB8C6E31E4B530A024 /* SharedPreferences.swift */ = {isa = PBXFileReference; lastKnownFileType = sourcecode.swift; path = SharedPreferences.swift; sourceTree = "<group>"; };
		D8CBE05E3208394CA840C569 /* MarkdownDocument.swift */ = {isa = PBXFileReference; lastKnownFileType = sourcecode.swift; path = MarkdownDocument.swift; sourceTree = "<group>"; };
		E11A782ED0E6425077578E76 /* MarkdownQuickLookExtension.entitlements */ = {isa = PBXFileReference; lastKnownFileType = text.plist.entitlements; path = MarkdownQuickLookExtension.entitlements; sourceTree = "<group>"; };
		E2167C8C5A4C78118B3EF987 /* MarkdownQuickLookExtension.appex */ = {isa = PBXFileReference; explicitFileType = "wrapper.app-extension"; includeInIndex = 0; path = MarkdownQuickLookExtension.appex; sourceTree = BUILT_PRODUCTS_DIR; };
		E36CBE055674F32F53BDA115 /* ContentView.swift */ = {isa = PBXFileReference; lastKnownFileType = sourcecode.swift; path = ContentView.swift; sourceTree = "<group>"; };
		F42CF515FC081633AFE6CDFE /* PreviewProvider.swift */ = {isa = PBXFileReference; lastKnownFileType = sourcecode.swift; path = PreviewProvider.swift; sourceTree = "<group>"; };
		F4DC0E875966BB6622FB6F10 /* MarkdownFinderApp.swift */ = {isa = PBXFileReference; lastKnownFileType = sourcecode.swift; path = MarkdownFinderApp.swift; sourceTree = "<group>"; };
		F85299DF08752F013E7045B1 /* MarkdownFinderApp.entitlements */ = {isa = PBXFileReference; lastKnownFileType = text.plist.entitlements; path = MarkdownFinderApp.entitlements; sourceTree = "<group>"; };
		FFE78BD3189FB8F59261A015 /* AppIcon.webp */ = {isa = PBXFileReference; path = AppIcon.webp; sourceTree = "<group>"; };
/* End PBXFileReference section */

/* Begin PBXFrameworksBuildPhase section */
		398CDCAB1DEEA0AC23C6321D /* Frameworks */ = {
			isa = PBXFrameworksBuildPhase;
			buildActionMask = 2147483647;
			files = (
				9CB4B57D0F503B68AAB11E5B /* MarkdownRenderer in Frameworks */,
			);
			runOnlyForDeploymentPostprocessing = 0;
		};
		4554799217972C6395FA12E2 /* Frameworks */ = {
			isa = PBXFrameworksBuildPhase;
			buildActionMask = 2147483647;
			files = (
				A6C73636BF353546B315077D /* MarkdownRenderer in Frameworks */,
			);
			runOnlyForDeploymentPostprocessing = 0;
		};
/* End PBXFrameworksBuildPhase section */

/* Begin PBXGroup section */
		21EB6458170C3250D30F00E4 /* Products */ = {
			isa = PBXGroup;
			children = (
				147624766FE95F4BDBD60396 /* MarkdownFinderExtension.appex */,
				E2167C8C5A4C78118B3EF987 /* MarkdownQuickLookExtension.appex */,
				85B57D1A637F10C6A4CEBE97 /* PeekMD.app */,
			);
			name = Products;
			sourceTree = "<group>";
		};
		221D147F3D8C1885369D7358 /* Packages */ = {
			isa = PBXGroup;
			children = (
				2913D2CE63ADCFB8C0B4A4A1 /* MarkdownRenderer */,
			);
			path = Packages;
			sourceTree = "<group>";
		};
		3B1C9F5566E19E2F7BBBD360 /* Shared */ = {
			isa = PBXGroup;
			children = (
				8D5ED61392A2C3199615E0AF /* FilenameResolver.swift */,
				3D35CCF7D307575028A4EE9E /* LocationManager.swift */,
				42F6C8887573FC4AE4DF829A /* MarkdownFileCreator.swift */,
				95DA94E90D031B7D50AEFD31 /* SharedConstants.swift */,
				BB12ADAB8C6E31E4B530A024 /* SharedPreferences.swift */,
			);
			path = Shared;
			sourceTree = "<group>";
		};
		46482ABBE9474F45ADF652BC /* Components */ = {
			isa = PBXGroup;
			children = (
				9CC95FE7CDD43BBA4EE8E866 /* SourceTextEditor.swift */,
				336D3529FE6A4262D5C5DED8 /* StatusBadgeView.swift */,
				B005E30B43511AEC4A87C91E /* WebView.swift */,
			);
			path = Components;
			sourceTree = "<group>";
		};
		6DD4226B8A5CD14FC509EF48 /* Resources */ = {
			isa = PBXGroup;
			children = (
				7A20F681652A8F393592A8D8 /* AppIcon.icns */,
				FFE78BD3189FB8F59261A015 /* AppIcon.webp */,
				46920B5A534E66080A7395D1 /* icon.webp */,
			);
			path = Resources;
			sourceTree = "<group>";
		};
		82BB2DC2551A0C1E27E7B78A = {
			isa = PBXGroup;
			children = (
				8B5FAAC001224433F5781F3E /* MarkdownFinderApp */,
				8F2536DDECBBC1EBA77EE6A4 /* MarkdownFinderExtension */,
				8445E6CBB2B13EC33B80CD1D /* MarkdownQuickLookExtension */,
				221D147F3D8C1885369D7358 /* Packages */,
				3B1C9F5566E19E2F7BBBD360 /* Shared */,
				21EB6458170C3250D30F00E4 /* Products */,
			);
			sourceTree = "<group>";
		};
		8445E6CBB2B13EC33B80CD1D /* MarkdownQuickLookExtension */ = {
			isa = PBXGroup;
			children = (
				10FF0F5DF9A514B39768E710 /* Info.plist */,
				E11A782ED0E6425077578E76 /* MarkdownQuickLookExtension.entitlements */,
				F42CF515FC081633AFE6CDFE /* PreviewProvider.swift */,
			);
			path = MarkdownQuickLookExtension;
			sourceTree = "<group>";
		};
		8B5FAAC001224433F5781F3E /* MarkdownFinderApp */ = {
			isa = PBXGroup;
			children = (
				4B6720CB01C0389AD86A58BA /* AppState.swift */,
				7F64AB2D14F65FE416FE53E8 /* Assets.xcassets */,
				B0DB3F5E89FDD59195C63302 /* Info.plist */,
				D8CBE05E3208394CA840C569 /* MarkdownDocument.swift */,
				F85299DF08752F013E7045B1 /* MarkdownFinderApp.entitlements */,
				F4DC0E875966BB6622FB6F10 /* MarkdownFinderApp.swift */,
				6DD4226B8A5CD14FC509EF48 /* Resources */,
				A5C946773C3C73BC464816F5 /* Views */,
			);
			path = MarkdownFinderApp;
			sourceTree = "<group>";
		};
		8F2536DDECBBC1EBA77EE6A4 /* MarkdownFinderExtension */ = {
			isa = PBXGroup;
			children = (
				3D1E1699F044AC3301126881 /* FinderSync.swift */,
				5A22FB95C5BD17BD61703155 /* Info.plist */,
				A57DCFCCBC72D891B44BCBF1 /* MarkdownFinderExtension.entitlements */,
			);
			path = MarkdownFinderExtension;
			sourceTree = "<group>";
		};
		A5C946773C3C73BC464816F5 /* Views */ = {
			isa = PBXGroup;
			children = (
				E36CBE055674F32F53BDA115 /* ContentView.swift */,
				95A66386CD79523078842C96 /* DocumentViewerView.swift */,
				0584C2FD68E4C667E088F3F7 /* LocationsView.swift */,
				3FAADBE157E0EBF7FEDB65E0 /* MarkdownEditorView.swift */,
				3359FB9E47EF1C185A61C3F0 /* OnboardingView.swift */,
				327211A0E5756B72E5A98724 /* SettingsView.swift */,
				46482ABBE9474F45ADF652BC /* Components */,
			);
			path = Views;
			sourceTree = "<group>";
		};
/* End PBXGroup section */

/* Begin PBXNativeTarget section */
		36218082332C41F3F0931995 /* MarkdownFinderExtension */ = {
			isa = PBXNativeTarget;
			buildConfigurationList = 2FECDE35236D543E60E22849 /* Build configuration list for PBXNativeTarget "MarkdownFinderExtension" */;
			buildPhases = (
				7A9A411D1E50A98558BE9B00 /* Sources */,
			);
			buildRules = (
			);
			dependencies = (
			);
			name = MarkdownFinderExtension;
			packageProductDependencies = (
			);
			productName = MarkdownFinderExtension;
			productReference = 147624766FE95F4BDBD60396 /* MarkdownFinderExtension.appex */;
			productType = "com.apple.product-type.app-extension";
		};
		ACBC9A0CF8CB22742770AA00 /* MarkdownQuickLookExtension */ = {
			isa = PBXNativeTarget;
			buildConfigurationList = F87E52747263775A5CB8077B /* Build configuration list for PBXNativeTarget "MarkdownQuickLookExtension" */;
			buildPhases = (
				A59E4127F4FF7CC5114AB714 /* Sources */,
				4554799217972C6395FA12E2 /* Frameworks */,
			);
			buildRules = (
			);
			dependencies = (
			);
			name = MarkdownQuickLookExtension;
			packageProductDependencies = (
				2B13AFA7BD765576C1B988EF /* MarkdownRenderer */,
			);
			productName = MarkdownQuickLookExtension;
			productReference = E2167C8C5A4C78118B3EF987 /* MarkdownQuickLookExtension.appex */;
			productType = "com.apple.product-type.app-extension";
		};
		D597E699B7B4DD4B5BF89989 /* PeekMD */ = {
			isa = PBXNativeTarget;
			buildConfigurationList = 92DF0C6B02B39CE99E9C0588 /* Build configuration list for PBXNativeTarget "PeekMD" */;
			buildPhases = (
				E009B8C7FB82F5D0D4DEF594 /* Sources */,
				5555A9EEB30850262F5B3757 /* Resources */,
				398CDCAB1DEEA0AC23C6321D /* Frameworks */,
				00D0BA4A85E9F7F4BED7511A /* Embed Foundation Extensions */,
			);
			buildRules = (
			);
			dependencies = (
				FC9FF6ED2483DA9CA445A6B7 /* PBXTargetDependency */,
				0D2DF5403B7480856DA46604 /* PBXTargetDependency */,
			);
			name = PeekMD;
			packageProductDependencies = (
				60FFB56C809331C8EA5F66A4 /* MarkdownRenderer */,
			);
			productName = PeekMD;
			productReference = 85B57D1A637F10C6A4CEBE97 /* PeekMD.app */;
			productType = "com.apple.product-type.application";
		};
/* End PBXNativeTarget section */

/* Begin PBXProject section */
		8D9D280E24DDECD6166C3054 /* Project object */ = {
			isa = PBXProject;
			attributes = {
				BuildIndependentTargetsInParallel = YES;
				LastUpgradeCheck = 1640;
				TargetAttributes = {
					36218082332C41F3F0931995 = {
						DevelopmentTeam = 7PMBK2ZW83;
						ProvisioningStyle = Automatic;
					};
					ACBC9A0CF8CB22742770AA00 = {
						DevelopmentTeam = 7PMBK2ZW83;
						ProvisioningStyle = Automatic;
					};
					D597E699B7B4DD4B5BF89989 = {
						DevelopmentTeam = 7PMBK2ZW83;
						ProvisioningStyle = Automatic;
					};
				};
			};
			buildConfigurationList = 9D5A7E00C13616EC8DC72335 /* Build configuration list for PBXProject "PeekMD" */;
			developmentRegion = en;
			hasScannedForEncodings = 0;
			knownRegions = (
				Base,
				en,
			);
			mainGroup = 82BB2DC2551A0C1E27E7B78A;
			minimizedProjectReferenceProxies = 1;
			packageReferences = (
				5E7A6A54A7A38B83FFC7653C /* XCLocalSwiftPackageReference "Packages/MarkdownRenderer" */,
			);
			preferredProjectObjectVersion = 77;
			productRefGroup = 21EB6458170C3250D30F00E4 /* Products */;
			projectDirPath = "";
			projectRoot = "";
			targets = (
				D597E699B7B4DD4B5BF89989 /* PeekMD */,
				36218082332C41F3F0931995 /* MarkdownFinderExtension */,
				ACBC9A0CF8CB22742770AA00 /* MarkdownQuickLookExtension */,
			);
		};
/* End PBXProject section */

/* Begin PBXResourcesBuildPhase section */
		5555A9EEB30850262F5B3757 /* Resources */ = {
			isa = PBXResourcesBuildPhase;
			buildActionMask = 2147483647;
			files = (
				7A9EEE051FF4403080C0FD21 /* AppIcon.icns in Resources */,
				13695659DE90C02ADF2B028E /* AppIcon.webp in Resources */,
				9E357FCBC476D866FCF36311 /* Assets.xcassets in Resources */,
				A34AA1526AC92CB7DA0C6200 /* icon.webp in Resources */,
			);
			runOnlyForDeploymentPostprocessing = 0;
		};
/* End PBXResourcesBuildPhase section */

/* Begin PBXSourcesBuildPhase section */
		7A9A411D1E50A98558BE9B00 /* Sources */ = {
			isa = PBXSourcesBuildPhase;
			buildActionMask = 2147483647;
			files = (
				D8AC3D3861A62EE3B54BCB31 /* FilenameResolver.swift in Sources */,
				5D9CF51A2FB28031ACA4A097 /* FinderSync.swift in Sources */,
				08DE06812336193F36EB09D4 /* MarkdownFileCreator.swift in Sources */,
				596DDD6B5D1F28AE35A7ED1C /* SharedConstants.swift in Sources */,
				4FDEFB2BFD0F15E9F46109EE /* SharedPreferences.swift in Sources */,
			);
			runOnlyForDeploymentPostprocessing = 0;
		};
		A59E4127F4FF7CC5114AB714 /* Sources */ = {
			isa = PBXSourcesBuildPhase;
			buildActionMask = 2147483647;
			files = (
				5FCDABA38E60D3C11379519E /* FilenameResolver.swift in Sources */,
				AB05BA34C2C6FC884FB80420 /* MarkdownFileCreator.swift in Sources */,
				CC496F0CFDD32845B1A9CD1A /* PreviewProvider.swift in Sources */,
				680EE3DD0F59E7AC2585AFB1 /* SharedConstants.swift in Sources */,
				497FA8D940DED35E77A4BEAC /* SharedPreferences.swift in Sources */,
			);
			runOnlyForDeploymentPostprocessing = 0;
		};
		E009B8C7FB82F5D0D4DEF594 /* Sources */ = {
			isa = PBXSourcesBuildPhase;
			buildActionMask = 2147483647;
			files = (
				7770DD69089220E60260F472 /* AppState.swift in Sources */,
				98F5C5A4D24539AECF5B7E39 /* ContentView.swift in Sources */,
				1FB244187BB682ED447D7279 /* DocumentViewerView.swift in Sources */,
				7D438F41A34FF850C03E1691 /* FilenameResolver.swift in Sources */,
				5008EB94730B8379926F4D0C /* LocationManager.swift in Sources */,
				A497FB26CD13057B5B6F4E2D /* LocationsView.swift in Sources */,
				3A87CC6DFB3D8B6AE6F54C8B /* MarkdownDocument.swift in Sources */,
				087AACCFFB93E10F1FA8DF5A /* MarkdownEditorView.swift in Sources */,
				DCFB6090A3505BB73147EAAB /* MarkdownFileCreator.swift in Sources */,
				8C6498A365AD4AEA16B27B6F /* MarkdownFinderApp.swift in Sources */,
				515FC358EF3DA25238C64AD4 /* OnboardingView.swift in Sources */,
				07BC0B3FD0F1E9A98A507008 /* SettingsView.swift in Sources */,
				A21B625E5D3E2466C7BAB856 /* SharedConstants.swift in Sources */,
				5F0C8A927A7C9C6C7676A1A1 /* SharedPreferences.swift in Sources */,
				1F65B1BA8EDEF276B3338929 /* SourceTextEditor.swift in Sources */,
				8A7695231EC5315F7AF51F2F /* StatusBadgeView.swift in Sources */,
				98D002BDB791C4032FF8467E /* WebView.swift in Sources */,
			);
			runOnlyForDeploymentPostprocessing = 0;
		};
/* End PBXSourcesBuildPhase section */

/* Begin PBXTargetDependency section */
		0D2DF5403B7480856DA46604 /* PBXTargetDependency */ = {
			isa = PBXTargetDependency;
			target = ACBC9A0CF8CB22742770AA00 /* MarkdownQuickLookExtension */;
			targetProxy = 315464E2B05AC7BE6E468997 /* PBXContainerItemProxy */;
		};
		FC9FF6ED2483DA9CA445A6B7 /* PBXTargetDependency */ = {
			isa = PBXTargetDependency;
			target = 36218082332C41F3F0931995 /* MarkdownFinderExtension */;
			targetProxy = 9CA1403F0E71B497FB2AE5FF /* PBXContainerItemProxy */;
		};
/* End PBXTargetDependency section */

/* Begin XCBuildConfiguration section */
		2180FA5E852BF3B04B0476FB /* Debug */ = {
			isa = XCBuildConfiguration;
			buildSettings = {
				CODE_SIGN_ENTITLEMENTS = MarkdownQuickLookExtension/MarkdownQuickLookExtension.entitlements;
				CODE_SIGN_STYLE = Automatic;
				COMBINE_HIDPI_IMAGES = YES;
				GENERATE_INFOPLIST_FILE = NO;
				INFOPLIST_FILE = MarkdownQuickLookExtension/Info.plist;
				LD_RUNPATH_SEARCH_PATHS = (
					"$(inherited)",
					"@executable_path/../Frameworks",
					"@executable_path/../../../../Frameworks",
				);
				PRODUCT_BUNDLE_IDENTIFIER = com.oneloop.PeekMD.QuickLook;
				PRODUCT_NAME = MarkdownQuickLookExtension;
				SDKROOT = macosx;
			};
			name = Debug;
		};
		349B378EB6494184C236B00F /* Release */ = {
			isa = XCBuildConfiguration;
			buildSettings = {
				ASSETCATALOG_COMPILER_APPICON_NAME = AppIcon;
				CODE_SIGN_ENTITLEMENTS = MarkdownFinderApp/MarkdownFinderApp.entitlements;
				CODE_SIGN_STYLE = Automatic;
				COMBINE_HIDPI_IMAGES = YES;
				GENERATE_INFOPLIST_FILE = NO;
				INFOPLIST_FILE = MarkdownFinderApp/Info.plist;
				LD_RUNPATH_SEARCH_PATHS = (
					"$(inherited)",
					"@executable_path/../Frameworks",
				);
				PRODUCT_BUNDLE_IDENTIFIER = com.oneloop.PeekMD;
				PRODUCT_NAME = PeekMD;
				SDKROOT = macosx;
			};
			name = Release;
		};
		5B8FF8C75366B5E0FEFE04C3 /* Release */ = {
			isa = XCBuildConfiguration;
			buildSettings = {
				CODE_SIGN_ENTITLEMENTS = MarkdownQuickLookExtension/MarkdownQuickLookExtension.entitlements;
				CODE_SIGN_STYLE = Automatic;
				COMBINE_HIDPI_IMAGES = YES;
				GENERATE_INFOPLIST_FILE = NO;
				INFOPLIST_FILE = MarkdownQuickLookExtension/Info.plist;
				LD_RUNPATH_SEARCH_PATHS = (
					"$(inherited)",
					"@executable_path/../Frameworks",
					"@executable_path/../../../../Frameworks",
				);
				PRODUCT_BUNDLE_IDENTIFIER = com.oneloop.PeekMD.QuickLook;
				PRODUCT_NAME = MarkdownQuickLookExtension;
				SDKROOT = macosx;
			};
			name = Release;
		};
		6DC30D5DA638983FC0E94F08 /* Debug */ = {
			isa = XCBuildConfiguration;
			buildSettings = {
				ASSETCATALOG_COMPILER_APPICON_NAME = AppIcon;
				CODE_SIGN_ENTITLEMENTS = MarkdownFinderApp/MarkdownFinderApp.entitlements;
				CODE_SIGN_STYLE = Automatic;
				COMBINE_HIDPI_IMAGES = YES;
				GENERATE_INFOPLIST_FILE = NO;
				INFOPLIST_FILE = MarkdownFinderApp/Info.plist;
				LD_RUNPATH_SEARCH_PATHS = (
					"$(inherited)",
					"@executable_path/../Frameworks",
				);
				PRODUCT_BUNDLE_IDENTIFIER = com.oneloop.PeekMD;
				PRODUCT_NAME = PeekMD;
				SDKROOT = macosx;
			};
			name = Debug;
		};
		9480AF829EC31D198CCF3B49 /* Release */ = {
			isa = XCBuildConfiguration;
			buildSettings = {
				ALWAYS_SEARCH_USER_PATHS = NO;
				CLANG_ANALYZER_NONNULL = YES;
				CLANG_ANALYZER_NUMBER_OBJECT_CONVERSION = YES_AGGRESSIVE;
				CLANG_CXX_LANGUAGE_STANDARD = "gnu++14";
				CLANG_CXX_LIBRARY = "libc++";
				CLANG_ENABLE_MODULES = YES;
				CLANG_ENABLE_OBJC_ARC = YES;
				CLANG_ENABLE_OBJC_WEAK = YES;
				CLANG_WARN_BLOCK_CAPTURE_AUTORELEASING = YES;
				CLANG_WARN_BOOL_CONVERSION = YES;
				CLANG_WARN_COMMA = YES;
				CLANG_WARN_CONSTANT_CONVERSION = YES;
				CLANG_WARN_DEPRECATED_OBJC_IMPLEMENTATIONS = YES;
				CLANG_WARN_DIRECT_OBJC_ISA_USAGE = YES_ERROR;
				CLANG_WARN_DOCUMENTATION_COMMENTS = YES;
				CLANG_WARN_EMPTY_BODY = YES;
				CLANG_WARN_ENUM_CONVERSION = YES;
				CLANG_WARN_INFINITE_RECURSION = YES;
				CLANG_WARN_INT_CONVERSION = YES;
				CLANG_WARN_NON_LITERAL_NULL_CONVERSION = YES;
				CLANG_WARN_OBJC_IMPLICIT_RETAIN_SELF = YES;
				CLANG_WARN_OBJC_LITERAL_CONVERSION = YES;
				CLANG_WARN_OBJC_ROOT_CLASS = YES_ERROR;
				CLANG_WARN_QUOTED_INCLUDE_IN_FRAMEWORK_HEADER = YES;
				CLANG_WARN_RANGE_LOOP_ANALYSIS = YES;
				CLANG_WARN_STRICT_PROTOTYPES = YES;
				CLANG_WARN_SUSPICIOUS_MOVE = YES;
				CLANG_WARN_UNGUARDED_AVAILABILITY = YES_AGGRESSIVE;
				CLANG_WARN_UNREACHABLE_CODE = YES;
				CLANG_WARN__DUPLICATE_METHOD_MATCH = YES;
				CODE_SIGN_STYLE = Automatic;
				COPY_PHASE_STRIP = NO;
				DEBUG_INFORMATION_FORMAT = "dwarf-with-dsym";
				DEVELOPMENT_TEAM = 7PMBK2ZW83;
				ENABLE_NS_ASSERTIONS = NO;
				ENABLE_STRICT_OBJC_MSGSEND = YES;
				GCC_C_LANGUAGE_STANDARD = gnu11;
				GCC_NO_COMMON_BLOCKS = YES;
				GCC_WARN_64_TO_32_BIT_CONVERSION = YES;
				GCC_WARN_ABOUT_RETURN_TYPE = YES_ERROR;
				GCC_WARN_UNDECLARED_SELECTOR = YES;
				GCC_WARN_UNINITIALIZED_AUTOS = YES_AGGRESSIVE;
				GCC_WARN_UNUSED_FUNCTION = YES;
				GCC_WARN_UNUSED_VARIABLE = YES;
				MACOSX_DEPLOYMENT_TARGET = 13.0;
				MTL_ENABLE_DEBUG_INFO = NO;
				MTL_FAST_MATH = YES;
				PRODUCT_NAME = "$(TARGET_NAME)";
				SDKROOT = macosx;
				SWIFT_COMPILATION_MODE = wholemodule;
				SWIFT_OPTIMIZATION_LEVEL = "-O";
				SWIFT_VERSION = 5.9;
			};
			name = Release;
		};
		AC91FE42912206D7116FE1BC /* Debug */ = {
			isa = XCBuildConfiguration;
			buildSettings = {
				CODE_SIGN_ENTITLEMENTS = MarkdownFinderExtension/MarkdownFinderExtension.entitlements;
				CODE_SIGN_STYLE = Automatic;
				COMBINE_HIDPI_IMAGES = YES;
				GENERATE_INFOPLIST_FILE = NO;
				INFOPLIST_FILE = MarkdownFinderExtension/Info.plist;
				LD_RUNPATH_SEARCH_PATHS = (
					"$(inherited)",
					"@executable_path/../Frameworks",
					"@executable_path/../../../../Frameworks",
				);
				PRODUCT_BUNDLE_IDENTIFIER = com.oneloop.PeekMD.FinderSync;
				PRODUCT_NAME = MarkdownFinderExtension;
				SDKROOT = macosx;
			};
			name = Debug;
		};
		C19A9DBBD1E492BAE54DF0E3 /* Debug */ = {
			isa = XCBuildConfiguration;
			buildSettings = {
				ALWAYS_SEARCH_USER_PATHS = NO;
				CLANG_ANALYZER_NONNULL = YES;
				CLANG_ANALYZER_NUMBER_OBJECT_CONVERSION = YES_AGGRESSIVE;
				CLANG_CXX_LANGUAGE_STANDARD = "gnu++14";
				CLANG_CXX_LIBRARY = "libc++";
				CLANG_ENABLE_MODULES = YES;
				CLANG_ENABLE_OBJC_ARC = YES;
				CLANG_ENABLE_OBJC_WEAK = YES;
				CLANG_WARN_BLOCK_CAPTURE_AUTORELEASING = YES;
				CLANG_WARN_BOOL_CONVERSION = YES;
				CLANG_WARN_COMMA = YES;
				CLANG_WARN_CONSTANT_CONVERSION = YES;
				CLANG_WARN_DEPRECATED_OBJC_IMPLEMENTATIONS = YES;
				CLANG_WARN_DIRECT_OBJC_ISA_USAGE = YES_ERROR;
				CLANG_WARN_DOCUMENTATION_COMMENTS = YES;
				CLANG_WARN_EMPTY_BODY = YES;
				CLANG_WARN_ENUM_CONVERSION = YES;
				CLANG_WARN_INFINITE_RECURSION = YES;
				CLANG_WARN_INT_CONVERSION = YES;
				CLANG_WARN_NON_LITERAL_NULL_CONVERSION = YES;
				CLANG_WARN_OBJC_IMPLICIT_RETAIN_SELF = YES;
				CLANG_WARN_OBJC_LITERAL_CONVERSION = YES;
				CLANG_WARN_OBJC_ROOT_CLASS = YES_ERROR;
				CLANG_WARN_QUOTED_INCLUDE_IN_FRAMEWORK_HEADER = YES;
				CLANG_WARN_RANGE_LOOP_ANALYSIS = YES;
				CLANG_WARN_STRICT_PROTOTYPES = YES;
				CLANG_WARN_SUSPICIOUS_MOVE = YES;
				CLANG_WARN_UNGUARDED_AVAILABILITY = YES_AGGRESSIVE;
				CLANG_WARN_UNREACHABLE_CODE = YES;
				CLANG_WARN__DUPLICATE_METHOD_MATCH = YES;
				CODE_SIGN_STYLE = Automatic;
				COPY_PHASE_STRIP = NO;
				DEBUG_INFORMATION_FORMAT = dwarf;
				DEVELOPMENT_TEAM = 7PMBK2ZW83;
				ENABLE_STRICT_OBJC_MSGSEND = YES;
				ENABLE_TESTABILITY = YES;
				GCC_C_LANGUAGE_STANDARD = gnu11;
				GCC_DYNAMIC_NO_PIC = NO;
				GCC_NO_COMMON_BLOCKS = YES;
				GCC_OPTIMIZATION_LEVEL = 0;
				GCC_PREPROCESSOR_DEFINITIONS = (
					"$(inherited)",
					"DEBUG=1",
				);
				GCC_WARN_64_TO_32_BIT_CONVERSION = YES;
				GCC_WARN_ABOUT_RETURN_TYPE = YES_ERROR;
				GCC_WARN_UNDECLARED_SELECTOR = YES;
				GCC_WARN_UNINITIALIZED_AUTOS = YES_AGGRESSIVE;
				GCC_WARN_UNUSED_FUNCTION = YES;
				GCC_WARN_UNUSED_VARIABLE = YES;
				MACOSX_DEPLOYMENT_TARGET = 13.0;
				MTL_ENABLE_DEBUG_INFO = INCLUDE_SOURCE;
				MTL_FAST_MATH = YES;
				ONLY_ACTIVE_ARCH = YES;
				PRODUCT_NAME = "$(TARGET_NAME)";
				SDKROOT = macosx;
				SWIFT_ACTIVE_COMPILATION_CONDITIONS = DEBUG;
				SWIFT_OPTIMIZATION_LEVEL = "-Onone";
				SWIFT_VERSION = 5.9;
			};
			name = Debug;
		};
		F1EC52E78BBD06935FB17866 /* Release */ = {
			isa = XCBuildConfiguration;
			buildSettings = {
				CODE_SIGN_ENTITLEMENTS = MarkdownFinderExtension/MarkdownFinderExtension.entitlements;
				CODE_SIGN_STYLE = Automatic;
				COMBINE_HIDPI_IMAGES = YES;
				GENERATE_INFOPLIST_FILE = NO;
				INFOPLIST_FILE = MarkdownFinderExtension/Info.plist;
				LD_RUNPATH_SEARCH_PATHS = (
					"$(inherited)",
					"@executable_path/../Frameworks",
					"@executable_path/../../../../Frameworks",
				);
				PRODUCT_BUNDLE_IDENTIFIER = com.oneloop.PeekMD.FinderSync;
				PRODUCT_NAME = MarkdownFinderExtension;
				SDKROOT = macosx;
			};
			name = Release;
		};
/* End XCBuildConfiguration section */

/* Begin XCConfigurationList section */
		2FECDE35236D543E60E22849 /* Build configuration list for PBXNativeTarget "MarkdownFinderExtension" */ = {
			isa = XCConfigurationList;
			buildConfigurations = (
				AC91FE42912206D7116FE1BC /* Debug */,
				F1EC52E78BBD06935FB17866 /* Release */,
			);
			defaultConfigurationIsVisible = 0;
			defaultConfigurationName = Debug;
		};
		92DF0C6B02B39CE99E9C0588 /* Build configuration list for PBXNativeTarget "PeekMD" */ = {
			isa = XCConfigurationList;
			buildConfigurations = (
				6DC30D5DA638983FC0E94F08 /* Debug */,
				349B378EB6494184C236B00F /* Release */,
			);
			defaultConfigurationIsVisible = 0;
			defaultConfigurationName = Debug;
		};
		9D5A7E00C13616EC8DC72335 /* Build configuration list for PBXProject "PeekMD" */ = {
			isa = XCConfigurationList;
			buildConfigurations = (
				C19A9DBBD1E492BAE54DF0E3 /* Debug */,
				9480AF829EC31D198CCF3B49 /* Release */,
			);
			defaultConfigurationIsVisible = 0;
			defaultConfigurationName = Debug;
		};
		F87E52747263775A5CB8077B /* Build configuration list for PBXNativeTarget "MarkdownQuickLookExtension" */ = {
			isa = XCConfigurationList;
			buildConfigurations = (
				2180FA5E852BF3B04B0476FB /* Debug */,
				5B8FF8C75366B5E0FEFE04C3 /* Release */,
			);
			defaultConfigurationIsVisible = 0;
			defaultConfigurationName = Debug;
		};
/* End XCConfigurationList section */

/* Begin XCLocalSwiftPackageReference section */
		5E7A6A54A7A38B83FFC7653C /* XCLocalSwiftPackageReference "Packages/MarkdownRenderer" */ = {
			isa = XCLocalSwiftPackageReference;
			relativePath = Packages/MarkdownRenderer;
		};
/* End XCLocalSwiftPackageReference section */

/* Begin XCSwiftPackageProductDependency section */
		2B13AFA7BD765576C1B988EF /* MarkdownRenderer */ = {
			isa = XCSwiftPackageProductDependency;
			productName = MarkdownRenderer;
		};
		60FFB56C809331C8EA5F66A4 /* MarkdownRenderer */ = {
			isa = XCSwiftPackageProductDependency;
			productName = MarkdownRenderer;
		};
/* End XCSwiftPackageProductDependency section */
	};
	rootObject = 8D9D280E24DDECD6166C3054 /* Project object */;
}
